PODS:
  - KGNoise (1.2.1)
  - OpenInChrome (0.0.1)
  - Platform (0.0.1):
    - KGNoise (~> 1.2.0)
    - OpenInChrome (~> 0.0.1)
    - UIAlertView-Blocks (~> 0.0.1)
  - UIAlertView-Blocks (0.0.1)

DEPENDENCIES:
  - Platform (from `git@github.com:BitSuites/Platform.git`)

EXTERNAL SOURCES:
  Platform:
    :git: git@github.com:BitSuites/Platform.git

SPEC CHECKSUMS:
  KGNoise: eaf9fcad1ebb6930e11431caf2ffafdb3c726dd6
  OpenInChrome: b7c73ddf8fe0a1788dc0549c3c4c70e3c84da578
  Platform: b8d85b7e9ee4e030fe5b8ca255b997f359bcb8a3
  UIAlertView-Blocks: b95f5fd76c620f7c66c9b251dea60c3e5fa24860

COCOAPODS: 0.33.1
